
Microsoft Visual Studio Solution File, Format Version 12.00
# Visual Studio Version 17
VisualStudioVersion = 17.1.32421.90
MinimumVisualStudioVersion = 10.0.40219.1
Project("{FAE04EC0-301F-11D3-BF4B-00C04F79EFBC}") = "ConsoleApp", "ConsoleApp\ConsoleApp.csproj", "{18FC54FA-F294-4C1E-9D21-7F0EF6A36924}"
EndProject
Project("{FAE04EC0-301F-11D3-BF4B-00C04F79EFBC}") = "DAL", "DAL\DAL.csproj", "{3E4CD813-1C96-49B5-8323-3D114833D8AF}"
EndProject
Project("{FAE04EC0-301F-11D3-BF4B-00C04F79EFBC}") = "BLL", "BLL\BLL.csproj", "{A361DA8C-A085-4277-B3AB-0CBEA24AA8FE}"
EndProject
Global
	GlobalSection(SolutionConfigurationPlatforms) = preSolution
		Debug|Any CPU = Debug|Any CPU
		Release|Any CPU = Release|Any CPU
	EndGlobalSection
	GlobalSection(ProjectConfigurationPlatforms) = postSolution
		{18FC54FA-F294-4C1E-9D21-7F0EF6A36924}.Debug|Any CPU.ActiveCfg = Debug|Any CPU
		{18FC54FA-F294-4C1E-9D21-7F0EF6A36924}.Debug|Any CPU.Build.0 = Debug|Any CPU
		{18FC54FA-F294-4C1E-9D21-7F0EF6A36924}.Release|Any CPU.ActiveCfg = Release|Any CPU
		{18FC54FA-F294-4C1E-9D21-7F0EF6A36924}.Release|Any CPU.Build.0 = Release|Any CPU
		{3E4CD813-1C96-49B5-8323-3D114833D8AF}.Debug|Any CPU.ActiveCfg = Debug|Any CPU
		{3E4CD813-1C96-49B5-8323-3D114833D8AF}.Debug|Any CPU.Build.0 = Debug|Any CPU
		{3E4CD813-1C96-49B5-8323-3D114833D8AF}.Release|Any CPU.ActiveCfg = Release|Any CPU
		{3E4CD813-1C96-49B5-8323-3D114833D8AF}.Release|Any CPU.Build.0 = Release|Any CPU
		{A361DA8C-A085-4277-B3AB-0CBEA24AA8FE}.Debug|Any CPU.ActiveCfg = Debug|Any CPU
		{A361DA8C-A085-4277-B3AB-0CBEA24AA8FE}.Debug|Any CPU.Build.0 = Debug|Any CPU
		{A361DA8C-A085-4277-B3AB-0CBEA24AA8FE}.Release|Any CPU.ActiveCfg = Release|Any CPU
		{A361DA8C-A085-4277-B3AB-0CBEA24AA8FE}.Release|Any CPU.Build.0 = Release|Any CPU
	EndGlobalSection
	GlobalSection(SolutionProperties) = preSolution
		HideSolutionNode = FALSE
	EndGlobalSection
	GlobalSection(ExtensibilityGlobals) = postSolution
		SolutionGuid = {94DAB3E3-0663-461D-A939-C7FC4F344E8E}
	EndGlobalSection
EndGlobal
